
Microsoft Visual Studio Solution File, Format Version 12.00
Project("{FAE04EC0-301F-11D3-BF4B-00C04F79EFBC}") = "UECS", "UECS.csproj", "{297CFB3E-8EF8-40A8-BC72-257798ACF577}"
EndProject
Global
	GlobalSection(SolutionConfigurationPlatforms) = preSolution
		Debug|Any CPU = Debug|Any CPU
		Release|Any CPU = Release|Any CPU
	EndGlobalSection
	GlobalSection(ProjectConfigurationPlatforms) = postSolution
		{297CFB3E-8EF8-40A8-BC72-257798ACF577}.Debug|Any CPU.ActiveCfg = Debug|Any CPU
		{297CFB3E-8EF8-40A8-BC72-257798ACF577}.Debug|Any CPU.Build.0 = Debug|Any CPU
		{297CFB3E-8EF8-40A8-BC72-257798ACF577}.Release|Any CPU.ActiveCfg = Release|Any CPU
		{297CFB3E-8EF8-40A8-BC72-257798ACF577}.Release|Any CPU.Build.0 = Release|Any CPU
	EndGlobalSection
EndGlobal
